<?xml version="1.0" encoding="utf-8"?>
<Project ToolsVersion="4.0" xmlns="http://schemas.microsoft.com/developer/msbuild/2003">
  <ItemGroup>
    <Filter Include="Source Files">
      <UniqueIdentifier>{4FC737F1-C7A5-4376-A066-2A32D752A2FF}</UniqueIdentifier>
      <Extensions>cpp;c;cc;cxx;def;odl;idl;hpj;bat;asm;asmx</Extensions>
    </Filter>
    <Filter Include="Header Files">
      <UniqueIdentifier>{93995380-89BD-4b04-88EB-625FBE52EBFB}</UniqueIdentifier>
      <Extensions>h;hpp;hxx;hm;inl;inc;xsd</Extensions>
    </Filter>
    <Filter Include="Resource Files">
      <UniqueIdentifier>{67DA6AB6-F800-4c08-8B7A-83BB121AAD01}</UniqueIdentifier>
      <Extensions>rc;ico;cur;bmp;dlg;rc2;rct;bin;rgs;gif;jpg;jpeg;jpe;resx;tiff;tif;png;wav;mfcribbon-ms</Extensions>
    </Filter>
  </ItemGroup>
  <ItemGroup>
    <None Include="vertex_shader_es2.vert">
      <Filter>Resource Files</Filter>
    </None>
    <None Include="hello.raw">
      <Filter>Resource Files</Filter>
    </None>
    <None Include="fragment_shader_es2.frag">
      <Filter>Resource Files</Filter>
    </None>
    <None Include="common.js">
      <Filter>Resource Files</Filter>
    </None>
    <None Include="index_win.html">
      <Filter>Resource Files</Filter>
    </None>
  </ItemGroup>
  <ItemGroup>
    <ClCompile Include="matrix.cc">
      <Filter>Source Files</Filter>
    </ClCompile>
    <ClCompile Include="hello_world_test.cc">
      <Filter>Source Files</Filter>
    </ClCompile>
    <ClCompile Include="Main.cpp">
      <Filter>Source Files</Filter>
    </ClCompile>
    <ClCompile Include="GetUrl.cpp">
      <Filter>Source Files</Filter>
    </ClCompile>
    <ClCompile Include="DrawEngine.cpp">
      <Filter>Source Files</Filter>
    </ClCompile>
    <ClCompile Include="LineElement.cpp">
      <Filter>Source Files</Filter>
    </ClCompile>
    <ClCompile Include="Element.cpp">
      <Filter>Source Files</Filter>
    </ClCompile>
    <ClCompile Include="Layer.cpp">
      <Filter>Source Files</Filter>
    </ClCompile>
    <ClCompile Include="ElementLayer.cpp">
      <Filter>Source Files</Filter>
    </ClCompile>
    <ClCompile Include="VtronMap.cpp">
      <Filter>Source Files</Filter>
    </ClCompile>
    <ClCompile Include="MarkerElement.cpp">
      <Filter>Source Files</Filter>
    </ClCompile>
    <ClCompile Include="BaseLayer.cpp">
      <Filter>Source Files</Filter>
    </ClCompile>
    <ClCompile Include="ArcgisMapLayer.cpp">
      <Filter>Source Files</Filter>
    </ClCompile>
    <ClCompile Include="Tile.cpp">
      <Filter>Source Files</Filter>
    </ClCompile>
    <ClCompile Include="ShapefileLayer.cpp">
      <Filter>Source Files</Filter>
    </ClCompile>
    <ClCompile Include="MarkerStyle.cpp">
      <Filter>Source Files</Filter>
    </ClCompile>
    <ClCompile Include="ServerMapLayer.cpp">
      <Filter>Source Files</Filter>
    </ClCompile>
    <ClCompile Include="mem_image.cpp">
      <Filter>Source Files</Filter>
    </ClCompile>
    <ClCompile Include="WFSLayer.cpp">
      <Filter>Source Files</Filter>
    </ClCompile>
    <ClCompile Include="WFSPointFeature.cpp">
      <Filter>Source Files</Filter>
    </ClCompile>
    <ClCompile Include="CurlConnect.cpp">
      <Filter>Source Files</Filter>
    </ClCompile>
    <ClCompile Include="MarkerLayer.cpp">
      <Filter>Source Files</Filter>
    </ClCompile>
    <ClCompile Include="EditLayer.cpp">
      <Filter>Source Files</Filter>
    </ClCompile>
  </ItemGroup>
  <ItemGroup>
    <ClInclude Include="matrix.h">
      <Filter>Header Files</Filter>
    </ClInclude>
    <ClInclude Include="hello_world_test.h">
      <Filter>Header Files</Filter>
    </ClInclude>
    <ClInclude Include="GetUrl.h">
      <Filter>Header Files</Filter>
    </ClInclude>
    <ClInclude Include="stdafxcpp.h">
      <Filter>Header Files</Filter>
    </ClInclude>
    <ClInclude Include="stdafxwin32.h">
      <Filter>Header Files</Filter>
    </ClInclude>
    <ClInclude Include="DrawEngine.h">
      <Filter>Header Files</Filter>
    </ClInclude>
    <ClInclude Include="ShaderData.h">
      <Filter>Header Files</Filter>
    </ClInclude>
    <ClInclude Include="DataStruct.h">
      <Filter>Header Files</Filter>
    </ClInclude>
    <ClInclude Include="Element.h">
      <Filter>Header Files</Filter>
    </ClInclude>
    <ClInclude Include="LineElement.h">
      <Filter>Header Files</Filter>
    </ClInclude>
    <ClInclude Include="stdafxppapi.h">
      <Filter>Header Files</Filter>
    </ClInclude>
    <ClInclude Include="Layer.h">
      <Filter>Header Files</Filter>
    </ClInclude>
    <ClInclude Include="ElementLayer.h">
      <Filter>Header Files</Filter>
    </ClInclude>
    <ClInclude Include="VtronMap.h">
      <Filter>Header Files</Filter>
    </ClInclude>
    <ClInclude Include="Style.h">
      <Filter>Header Files</Filter>
    </ClInclude>
    <ClInclude Include="MarkerElement.h">
      <Filter>Header Files</Filter>
    </ClInclude>
    <ClInclude Include="BaseLayer.h">
      <Filter>Header Files</Filter>
    </ClInclude>
    <ClInclude Include="ArcgisMapLayer.h">
      <Filter>Header Files</Filter>
    </ClInclude>
    <ClInclude Include="XmlHelp.h">
      <Filter>Header Files</Filter>
    </ClInclude>
    <ClInclude Include="Tile.h">
      <Filter>Header Files</Filter>
    </ClInclude>
    <ClInclude Include="MarkerStyle.h">
      <Filter>Header Files</Filter>
    </ClInclude>
    <ClInclude Include="ShapefileLayer.h">
      <Filter>Header Files</Filter>
    </ClInclude>
    <ClInclude Include="ServerMapLayer.h">
      <Filter>Header Files</Filter>
    </ClInclude>
    <ClInclude Include="mem_image.h">
      <Filter>Header Files</Filter>
    </ClInclude>
    <ClInclude Include="WFSLayer.h">
      <Filter>Header Files</Filter>
    </ClInclude>
    <ClInclude Include="WFSPointFeature.h">
      <Filter>Header Files</Filter>
    </ClInclude>
    <ClInclude Include="CurlConnect.h">
      <Filter>Header Files</Filter>
    </ClInclude>
    <ClInclude Include="MarkerLayer.h">
      <Filter>Header Files</Filter>
    </ClInclude>
    <ClInclude Include="EditLayer.h">
      <Filter>Header Files</Filter>
    </ClInclude>
  </ItemGroup>
</Project>